
Microsoft Visual Studio Solution File, Format Version 12.00
# Visual Studio Version 17
VisualStudioVersion = 17.13.35919.96 d17.13
MinimumVisualStudioVersion = 10.0.40219.1
Project("{8BC9CEB8-8B4A-11D0-8D11-00A0C91BC942}") = "SigMakerEXT", "SigMakerEXT.vcxproj", "{AE727E42-DCB8-459E-B04E-9902DFA9D9EB}"
EndProject
Global
	GlobalSection(SolutionConfigurationPlatforms) = preSolution
		Debug|x64 = Debug|x64
		Debug|x86 = Debug|x86
		Release|x64 = Release|x64
		Release|x86 = Release|x86
	EndGlobalSection
	GlobalSection(ProjectConfigurationPlatforms) = postSolution
		{AE727E42-DCB8-459E-B04E-9902DFA9D9EB}.Debug|x64.ActiveCfg = Debug|x64
		{AE727E42-DCB8-459E-B04E-9902DFA9D9EB}.Debug|x64.Build.0 = Debug|x64
		{AE727E42-DCB8-459E-B04E-9902DFA9D9EB}.Debug|x86.ActiveCfg = Debug|Win32
		{AE727E42-DCB8-459E-B04E-9902DFA9D9EB}.Debug|x86.Build.0 = Debug|Win32
		{AE727E42-DCB8-459E-B04E-9902DFA9D9EB}.Release|x64.ActiveCfg = Release|x64
		{AE727E42-DCB8-459E-B04E-9902DFA9D9EB}.Release|x64.Build.0 = Release|x64
		{AE727E42-DCB8-459E-B04E-9902DFA9D9EB}.Release|x86.ActiveCfg = Release|Win32
		{AE727E42-DCB8-459E-B04E-9902DFA9D9EB}.Release|x86.Build.0 = Release|Win32
	EndGlobalSection
	GlobalSection(SolutionProperties) = preSolution
		HideSolutionNode = FALSE
	EndGlobalSection
	GlobalSection(ExtensibilityGlobals) = postSolution
		SolutionGuid = {3ABDA0C3-0EAA-4AC1-8EBA-318D3C886DF2}
	EndGlobalSection
EndGlobal
